
Microsoft Visual Studio Solution File, Format Version 12.00
# Visual Studio Version 17
VisualStudioVersion = 17.8.34511.84
MinimumVisualStudioVersion = 10.0.40219.1
Project("{FAE04EC0-301F-11D3-BF4B-00C04F79EFBC}") = "jhyf", "jhyf\jhyf.csproj", "{684A607A-69FC-41AC-85EB-28EB7FA27850}"
EndProject
Global
	GlobalSection(SolutionConfigurationPlatforms) = preSolution
		Debug|Any CPU = Debug|Any CPU
		Release|Any CPU = Release|Any CPU
	EndGlobalSection
	GlobalSection(ProjectConfigurationPlatforms) = postSolution
		{684A607A-69FC-41AC-85EB-28EB7FA27850}.Debug|Any CPU.ActiveCfg = Debug|Any CPU
		{684A607A-69FC-41AC-85EB-28EB7FA27850}.Debug|Any CPU.Build.0 = Debug|Any CPU
		{684A607A-69FC-41AC-85EB-28EB7FA27850}.Release|Any CPU.ActiveCfg = Release|Any CPU
		{684A607A-69FC-41AC-85EB-28EB7FA27850}.Release|Any CPU.Build.0 = Release|Any CPU
	EndGlobalSection
	GlobalSection(SolutionProperties) = preSolution
		HideSolutionNode = FALSE
	EndGlobalSection
	GlobalSection(ExtensibilityGlobals) = postSolution
		SolutionGuid = {37B39363-BC4E-43FE-AD1E-35C4A859C8F6}
	EndGlobalSection
EndGlobal
